// !$*UTF8*$!
{
	archiveVersion = 1;
	classes = {
	};
	objectVersion = 46;
	objects = {

/* Begin PBXBuildFile section */
		EB403D3D1DF1436A00B42D5C /* main.cpp in Sources */ = {isa = PBXBuildFile; fileRef = EB403D3C1DF1436A00B42D5C /* main.cpp */; };
		EB403D451DF1437800B42D5C /* TcpClient.cpp in Sources */ = {isa = PBXBuildFile; fileRef = EB403D431DF1437800B42D5C /* TcpClient.cpp */; };
/* End PBXBuildFile section */

/* Begin PBXCopyFilesBuildPhase section */
		EB403D371DF1436A00B42D5C /* CopyFiles */ = {
			isa = PBXCopyFilesBuildPhase;
			buildActionMask = 2147483647;
			dstPath = /usr/share/man/man1/;
			dstSubfolderSpec = 0;
			files = (
			);
			runOnlyForDeploymentPostprocessing = 1;
		};
/* End PBXCopyFilesBuildPhase section */

/* Begin PBXFileReference section */
		EB403D391DF1436A00B42D5C /* TcpClient */ = {isa = PBXFileReference; explicitFileType = "compiled.mach-o.executable"; includeInIndex = 0; path = TcpClient; sourceTree = BUILT_PRODUCTS_DIR; };
		EB403D3C1DF1436A00B42D5C /* main.cpp */ = {isa = PBXFileReference; lastKnownFileType = sourcecode.cpp.cpp; path = main.cpp; sourceTree = "<group>"; };
		EB403D431DF1437800B42D5C /* TcpClient.cpp */ = {isa = PBXFileReference; fileEncoding = 4; lastKnownFileType = sourcecode.cpp.cpp; path = TcpClient.cpp; sourceTree = "<group>"; };
		EB403D441DF1437800B42D5C /* TcpClient.hpp */ = {isa = PBXFileReference; fileEncoding = 4; lastKnownFileType = sourcecode.cpp.h; path = TcpClient.hpp; sourceTree = "<group>"; };
/* End PBXFileReference section */

/* Begin PBXFrameworksBuildPhase section */
		EB403D361DF1436A00B42D5C /* Frameworks */ = {
			isa = PBXFrameworksBuildPhase;
			buildActionMask = 2147483647;
			files = (
			);
			runOnlyForDeploymentPostprocessing = 0;
		};
/* End PBXFrameworksBuildPhase section */

/* Begin PBXGroup section */
		EB403D301DF1436A00B42D5C = {
			isa = PBXGroup;
			children = (
				EB403D3B1DF1436A00B42D5C /* TcpClient */,
				EB403D3A1DF1436A00B42D5C /* Products */,
			);
			sourceTree = "<group>";
		};
		EB403D3A1DF1436A00B42D5C /* Products */ = {
			isa = PBXGroup;
			children = (
				EB403D391DF1436A00B42D5C /* TcpClient */,
			);
			name = Products;
			sourceTree = "<group>";
		};
		EB403D3B1DF1436A00B42D5C /* TcpClient */ = {
			isa = PBXGroup;
			children = (
				EB403D3C1DF1436A00B42D5C /* main.cpp */,
				EB403D431DF1437800B42D5C /* TcpClient.cpp */,
				EB403D441DF1437800B42D5C /* TcpClient.hpp */,
			);
			path = TcpClient;
			sourceTree = "<group>";
		};
/* End PBXGroup section */

/* Begin PBXNativeTarget section */
		EB403D381DF1436A00B42D5C /* TcpClient */ = {
			isa = PBXNativeTarget;
			buildConfigurationList = EB403D401DF1436A00B42D5C /* Build configuration list for PBXNativeTarget "TcpClient" */;
			buildPhases = (
				EB403D351DF1436A00B42D5C /* Sources */,
				EB403D361DF1436A00B42D5C /* Frameworks */,
				EB403D371DF1436A00B42D5C /* CopyFiles */,
			);
			buildRules = (
			);
			dependencies = (
			);
			name = TcpClient;
			productName = TcpClient;
			productReference = EB403D391DF1436A00B42D5C /* TcpClient */;
			productType = "com.apple.product-type.tool";
		};
/* End PBXNativeTarget section */

/* Begin PBXProject section */
		EB403D311DF1436A00B42D5C /* Project object */ = {
			isa = PBXProject;
			attributes = {
				LastUpgradeCheck = 0810;
				ORGANIZATIONNAME = haKim;
				TargetAttributes = {
					EB403D381DF1436A00B42D5C = {
						CreatedOnToolsVersion = 8.1;
						DevelopmentTeam = W398QN8ZGP;
						ProvisioningStyle = Automatic;
					};
				};
			};
			buildConfigurationList = EB403D341DF1436A00B42D5C /* Build configuration list for PBXProject "TcpClient" */;
			compatibilityVersion = "Xcode 3.2";
			developmentRegion = English;
			hasScannedForEncodings = 0;
			knownRegions = (
				en,
			);
			mainGroup = EB403D301DF1436A00B42D5C;
			productRefGroup = EB403D3A1DF1436A00B42D5C /* Products */;
			projectDirPath = "";
			projectRoot = "";
			targets = (
				EB403D381DF1436A00B42D5C /* TcpClient */,
			);
		};
/* End PBXProject section */

/* Begin PBXSourcesBuildPhase section */
		EB403D351DF1436A00B42D5C /* Sources */ = {
			isa = PBXSourcesBuildPhase;
			buildActionMask = 2147483647;
			files = (
				EB403D451DF1437800B42D5C /* TcpClient.cpp in Sources */,
				EB403D3D1DF1436A00B42D5C /* main.cpp in Sources */,
			);
			runOnlyForDeploymentPostprocessing = 0;
		};
/* End PBXSourcesBuildPhase section */

/* Begin XCBuildConfiguration section */
		EB403D3E1DF1436A00B42D5C /* Debug */ = {
			isa = XCBuildConfiguration;
			buildSettings = {
				ALWAYS_SEARCH_USER_PATHS = NO;
				CLANG_ANALYZER_NONNULL = YES;
				CLANG_CXX_LANGUAGE_STANDARD = "gnu++0x";
				CLANG_CXX_LIBRARY = "libc++";
				CLANG_ENABLE_MODULES = YES;
				CLANG_ENABLE_OBJC_ARC = YES;
				CLANG_WARN_BOOL_CONVERSION = YES;
				CLANG_WARN_CONSTANT_CONVERSION = YES;
				CLANG_WARN_DIRECT_OBJC_ISA_USAGE = YES_ERROR;
				CLANG_WARN_DOCUMENTATION_COMMENTS = YES;
				CLANG_WARN_EMPTY_BODY = YES;
				CLANG_WARN_ENUM_CONVERSION = YES;
				CLANG_WARN_INFINITE_RECURSION = YES;
				CLANG_WARN_INT_CONVERSION = YES;
				CLANG_WARN_OBJC_ROOT_CLASS = YES_ERROR;
				CLANG_WARN_SUSPICIOUS_MOVES = YES;
				CLANG_WARN_UNREACHABLE_CODE = YES;
				CLANG_WARN__DUPLICATE_METHOD_MATCH = YES;
				CODE_SIGN_IDENTITY = "-";
				COPY_PHASE_STRIP = NO;
				DEBUG_INFORMATION_FORMAT = dwarf;
				ENABLE_STRICT_OBJC_MSGSEND = YES;
				ENABLE_TESTABILITY = YES;
				GCC_C_LANGUAGE_STANDARD = gnu99;
				GCC_DYNAMIC_NO_PIC = NO;
				GCC_NO_COMMON_BLOCKS = YES;
				GCC_OPTIMIZATION_LEVEL = 0;
				GCC_PREPROCESSOR_DEFINITIONS = (
					"DEBUG=1",
					"$(inherited)",
				);
				GCC_WARN_64_TO_32_BIT_CONVERSION = YES;
				GCC_WARN_ABOUT_RETURN_TYPE = YES_ERROR;
				GCC_WARN_UNDECLARED_SELECTOR = YES;
				GCC_WARN_UNINITIALIZED_AUTOS = YES_AGGRESSIVE;
				GCC_WARN_UNUSED_FUNCTION = YES;
				GCC_WARN_UNUSED_VARIABLE = YES;
				MACOSX_DEPLOYMENT_TARGET = 10.11;
				MTL_ENABLE_DEBUG_INFO = YES;
				ONLY_ACTIVE_ARCH = YES;
				SDKROOT = macosx;
			};
			name = Debug;
		};
		EB403D3F1DF1436A00B42D5C /* Release */ = {
			isa = XCBuildConfiguration;
			buildSettings = {
				ALWAYS_SEARCH_USER_PATHS = NO;
				CLANG_ANALYZER_NONNULL = YES;
				CLANG_CXX_LANGUAGE_STANDARD = "gnu++0x";
				CLANG_CXX_LIBRARY = "libc++";
				CLANG_ENABLE_MODULES = YES;
				CLANG_ENABLE_OBJC_ARC = YES;
				CLANG_WARN_BOOL_CONVERSION = YES;
				CLANG_WARN_CONSTANT_CONVERSION = YES;
				CLANG_WARN_DIRECT_OBJC_ISA_USAGE = YES_ERROR;
				CLANG_WARN_DOCUMENTATION_COMMENTS = YES;
				CLANG_WARN_EMPTY_BODY = YES;
				CLANG_WARN_ENUM_CONVERSION = YES;
				CLANG_WARN_INFINITE_RECURSION = YES;
				CLANG_WARN_INT_CONVERSION = YES;
				CLANG_WARN_OBJC_ROOT_CLASS = YES_ERROR;
				CLANG_WARN_SUSPICIOUS_MOVES = YES;
				CLANG_WARN_UNREACHABLE_CODE = YES;
				CLANG_WARN__DUPLICATE_METHOD_MATCH = YES;
				CODE_SIGN_IDENTITY = "-";
				COPY_PHASE_STRIP = NO;
				DEBUG_INFORMATION_FORMAT = "dwarf-with-dsym";
				ENABLE_NS_ASSERTIONS = NO;
				ENABLE_STRICT_OBJC_MSGSEND = YES;
				GCC_C_LANGUAGE_STANDARD = gnu99;
				GCC_NO_COMMON_BLOCKS = YES;
				GCC_WARN_64_TO_32_BIT_CONVERSION = YES;
				GCC_WARN_ABOUT_RETURN_TYPE = YES_ERROR;
				GCC_WARN_UNDECLARED_SELECTOR = YES;
				GCC_WARN_UNINITIALIZED_AUTOS = YES_AGGRESSIVE;
				GCC_WARN_UNUSED_FUNCTION = YES;
				GCC_WARN_UNUSED_VARIABLE = YES;
				MACOSX_DEPLOYMENT_TARGET = 10.11;
				MTL_ENABLE_DEBUG_INFO = NO;
				SDKROOT = macosx;
			};
			name = Release;
		};
		EB403D411DF1436A00B42D5C /* Debug */ = {
			isa = XCBuildConfiguration;
			buildSettings = {
				DEVELOPMENT_TEAM = W398QN8ZGP;
				PRODUCT_NAME = "$(TARGET_NAME)";
			};
			name = Debug;
		};
		EB403D421DF1436A00B42D5C /* Release */ = {
			isa = XCBuildConfiguration;
			buildSettings = {
				DEVELOPMENT_TEAM = W398QN8ZGP;
				PRODUCT_NAME = "$(TARGET_NAME)";
			};
			name = Release;
		};
/* End XCBuildConfiguration section */

/* Begin XCConfigurationList section */
		EB403D341DF1436A00B42D5C /* Build configuration list for PBXProject "TcpClient" */ = {
			isa = XCConfigurationList;
			buildConfigurations = (
				EB403D3E1DF1436A00B42D5C /* Debug */,
				EB403D3F1DF1436A00B42D5C /* Release */,
			);
			defaultConfigurationIsVisible = 0;
			defaultConfigurationName = Release;
		};
		EB403D401DF1436A00B42D5C /* Build configuration list for PBXNativeTarget "TcpClient" */ = {
			isa = XCConfigurationList;
			buildConfigurations = (
				EB403D411DF1436A00B42D5C /* Debug */,
				EB403D421DF1436A00B42D5C /* Release */,
			);
			defaultConfigurationIsVisible = 0;
		};
/* End XCConfigurationList section */
	};
	rootObject = EB403D311DF1436A00B42D5C /* Project object */;
}
