// !$*UTF8*$!
{
	archiveVersion = 1;
	classes = {
	};
	objectVersion = 46;
	objects = {

/* Begin PBXBuildFile section */
		EB8643EC1DEE6C2900035D9A /* TcpServer.cpp in Sources */ = {isa = PBXBuildFile; fileRef = EB8643EA1DEE6C2900035D9A /* TcpServer.cpp */; };
		EB8AEE001DE6D62200456DA8 /* main.cpp in Sources */ = {isa = PBXBuildFile; fileRef = EB8AEDFF1DE6D62200456DA8 /* main.cpp */; };
/* End PBXBuildFile section */

/* Begin PBXCopyFilesBuildPhase section */
		EB8AEDFA1DE6D62100456DA8 /* CopyFiles */ = {
			isa = PBXCopyFilesBuildPhase;
			buildActionMask = 2147483647;
			dstPath = /usr/share/man/man1/;
			dstSubfolderSpec = 0;
			files = (
			);
			runOnlyForDeploymentPostprocessing = 1;
		};
/* End PBXCopyFilesBuildPhase section */

/* Begin PBXFileReference section */
		EB8643EA1DEE6C2900035D9A /* TcpServer.cpp */ = {isa = PBXFileReference; fileEncoding = 4; lastKnownFileType = sourcecode.cpp.cpp; path = TcpServer.cpp; sourceTree = "<group>"; };
		EB8643EB1DEE6C2900035D9A /* TcpServer.hpp */ = {isa = PBXFileReference; fileEncoding = 4; lastKnownFileType = sourcecode.cpp.h; path = TcpServer.hpp; sourceTree = "<group>"; };
		EB8AEDFC1DE6D62200456DA8 /* TcpServer */ = {isa = PBXFileReference; explicitFileType = "compiled.mach-o.executable"; includeInIndex = 0; path = TcpServer; sourceTree = BUILT_PRODUCTS_DIR; };
		EB8AEDFF1DE6D62200456DA8 /* main.cpp */ = {isa = PBXFileReference; lastKnownFileType = sourcecode.cpp.cpp; path = main.cpp; sourceTree = "<group>"; };
/* End PBXFileReference section */

/* Begin PBXFrameworksBuildPhase section */
		EB8AEDF91DE6D62100456DA8 /* Frameworks */ = {
			isa = PBXFrameworksBuildPhase;
			buildActionMask = 2147483647;
			files = (
			);
			runOnlyForDeploymentPostprocessing = 0;
		};
/* End PBXFrameworksBuildPhase section */

/* Begin PBXGroup section */
		EB8AEDF31DE6D62100456DA8 = {
			isa = PBXGroup;
			children = (
				EB8AEDFE1DE6D62200456DA8 /* TcpServer */,
				EB8AEDFD1DE6D62200456DA8 /* Products */,
			);
			sourceTree = "<group>";
		};
		EB8AEDFD1DE6D62200456DA8 /* Products */ = {
			isa = PBXGroup;
			children = (
				EB8AEDFC1DE6D62200456DA8 /* TcpServer */,
			);
			name = Products;
			sourceTree = "<group>";
		};
		EB8AEDFE1DE6D62200456DA8 /* TcpServer */ = {
			isa = PBXGroup;
			children = (
				EB8AEDFF1DE6D62200456DA8 /* main.cpp */,
				EB8643EB1DEE6C2900035D9A /* TcpServer.hpp */,
				EB8643EA1DEE6C2900035D9A /* TcpServer.cpp */,
			);
			path = TcpServer;
			sourceTree = "<group>";
		};
/* End PBXGroup section */

/* Begin PBXNativeTarget section */
		EB8AEDFB1DE6D62100456DA8 /* TcpServer */ = {
			isa = PBXNativeTarget;
			buildConfigurationList = EB8AEE031DE6D62200456DA8 /* Build configuration list for PBXNativeTarget "TcpServer" */;
			buildPhases = (
				EB8AEDF81DE6D62100456DA8 /* Sources */,
				EB8AEDF91DE6D62100456DA8 /* Frameworks */,
				EB8AEDFA1DE6D62100456DA8 /* CopyFiles */,
			);
			buildRules = (
			);
			dependencies = (
			);
			name = TcpServer;
			productName = TcpServer;
			productReference = EB8AEDFC1DE6D62200456DA8 /* TcpServer */;
			productType = "com.apple.product-type.tool";
		};
/* End PBXNativeTarget section */

/* Begin PBXProject section */
		EB8AEDF41DE6D62100456DA8 /* Project object */ = {
			isa = PBXProject;
			attributes = {
				LastUpgradeCheck = 0810;
				ORGANIZATIONNAME = haKim;
				TargetAttributes = {
					EB8AEDFB1DE6D62100456DA8 = {
						CreatedOnToolsVersion = 8.1;
						DevelopmentTeam = W398QN8ZGP;
						ProvisioningStyle = Automatic;
					};
				};
			};
			buildConfigurationList = EB8AEDF71DE6D62100456DA8 /* Build configuration list for PBXProject "TcpServer" */;
			compatibilityVersion = "Xcode 3.2";
			developmentRegion = English;
			hasScannedForEncodings = 0;
			knownRegions = (
				en,
			);
			mainGroup = EB8AEDF31DE6D62100456DA8;
			productRefGroup = EB8AEDFD1DE6D62200456DA8 /* Products */;
			projectDirPath = "";
			projectRoot = "";
			targets = (
				EB8AEDFB1DE6D62100456DA8 /* TcpServer */,
			);
		};
/* End PBXProject section */

/* Begin PBXSourcesBuildPhase section */
		EB8AEDF81DE6D62100456DA8 /* Sources */ = {
			isa = PBXSourcesBuildPhase;
			buildActionMask = 2147483647;
			files = (
				EB8643EC1DEE6C2900035D9A /* TcpServer.cpp in Sources */,
				EB8AEE001DE6D62200456DA8 /* main.cpp in Sources */,
			);
			runOnlyForDeploymentPostprocessing = 0;
		};
/* End PBXSourcesBuildPhase section */

/* Begin XCBuildConfiguration section */
		EB8AEE011DE6D62200456DA8 /* Debug */ = {
			isa = XCBuildConfiguration;
			buildSettings = {
				ALWAYS_SEARCH_USER_PATHS = NO;
				CLANG_ANALYZER_NONNULL = YES;
				CLANG_CXX_LANGUAGE_STANDARD = "gnu++0x";
				CLANG_CXX_LIBRARY = "libc++";
				CLANG_ENABLE_MODULES = YES;
				CLANG_ENABLE_OBJC_ARC = YES;
				CLANG_WARN_BOOL_CONVERSION = YES;
				CLANG_WARN_CONSTANT_CONVERSION = YES;
				CLANG_WARN_DIRECT_OBJC_ISA_USAGE = YES_ERROR;
				CLANG_WARN_DOCUMENTATION_COMMENTS = YES;
				CLANG_WARN_EMPTY_BODY = YES;
				CLANG_WARN_ENUM_CONVERSION = YES;
				CLANG_WARN_INFINITE_RECURSION = YES;
				CLANG_WARN_INT_CONVERSION = YES;
				CLANG_WARN_OBJC_ROOT_CLASS = YES_ERROR;
				CLANG_WARN_SUSPICIOUS_MOVES = YES;
				CLANG_WARN_UNREACHABLE_CODE = YES;
				CLANG_WARN__DUPLICATE_METHOD_MATCH = YES;
				CODE_SIGN_IDENTITY = "-";
				COPY_PHASE_STRIP = NO;
				DEBUG_INFORMATION_FORMAT = dwarf;
				ENABLE_STRICT_OBJC_MSGSEND = YES;
				ENABLE_TESTABILITY = YES;
				GCC_C_LANGUAGE_STANDARD = gnu99;
				GCC_DYNAMIC_NO_PIC = NO;
				GCC_NO_COMMON_BLOCKS = YES;
				GCC_OPTIMIZATION_LEVEL = 0;
				GCC_PREPROCESSOR_DEFINITIONS = (
					"DEBUG=1",
					"$(inherited)",
				);
				GCC_WARN_64_TO_32_BIT_CONVERSION = YES;
				GCC_WARN_ABOUT_RETURN_TYPE = YES_ERROR;
				GCC_WARN_UNDECLARED_SELECTOR = YES;
				GCC_WARN_UNINITIALIZED_AUTOS = YES_AGGRESSIVE;
				GCC_WARN_UNUSED_FUNCTION = YES;
				GCC_WARN_UNUSED_VARIABLE = YES;
				MACOSX_DEPLOYMENT_TARGET = 10.11;
				MTL_ENABLE_DEBUG_INFO = YES;
				ONLY_ACTIVE_ARCH = YES;
				SDKROOT = macosx;
			};
			name = Debug;
		};
		EB8AEE021DE6D62200456DA8 /* Release */ = {
			isa = XCBuildConfiguration;
			buildSettings = {
				ALWAYS_SEARCH_USER_PATHS = NO;
				CLANG_ANALYZER_NONNULL = YES;
				CLANG_CXX_LANGUAGE_STANDARD = "gnu++0x";
				CLANG_CXX_LIBRARY = "libc++";
				CLANG_ENABLE_MODULES = YES;
				CLANG_ENABLE_OBJC_ARC = YES;
				CLANG_WARN_BOOL_CONVERSION = YES;
				CLANG_WARN_CONSTANT_CONVERSION = YES;
				CLANG_WARN_DIRECT_OBJC_ISA_USAGE = YES_ERROR;
				CLANG_WARN_DOCUMENTATION_COMMENTS = YES;
				CLANG_WARN_EMPTY_BODY = YES;
				CLANG_WARN_ENUM_CONVERSION = YES;
				CLANG_WARN_INFINITE_RECURSION = YES;
				CLANG_WARN_INT_CONVERSION = YES;
				CLANG_WARN_OBJC_ROOT_CLASS = YES_ERROR;
				CLANG_WARN_SUSPICIOUS_MOVES = YES;
				CLANG_WARN_UNREACHABLE_CODE = YES;
				CLANG_WARN__DUPLICATE_METHOD_MATCH = YES;
				CODE_SIGN_IDENTITY = "-";
				COPY_PHASE_STRIP = NO;
				DEBUG_INFORMATION_FORMAT = "dwarf-with-dsym";
				ENABLE_NS_ASSERTIONS = NO;
				ENABLE_STRICT_OBJC_MSGSEND = YES;
				GCC_C_LANGUAGE_STANDARD = gnu99;
				GCC_NO_COMMON_BLOCKS = YES;
				GCC_WARN_64_TO_32_BIT_CONVERSION = YES;
				GCC_WARN_ABOUT_RETURN_TYPE = YES_ERROR;
				GCC_WARN_UNDECLARED_SELECTOR = YES;
				GCC_WARN_UNINITIALIZED_AUTOS = YES_AGGRESSIVE;
				GCC_WARN_UNUSED_FUNCTION = YES;
				GCC_WARN_UNUSED_VARIABLE = YES;
				MACOSX_DEPLOYMENT_TARGET = 10.11;
				MTL_ENABLE_DEBUG_INFO = NO;
				SDKROOT = macosx;
			};
			name = Release;
		};
		EB8AEE041DE6D62200456DA8 /* Debug */ = {
			isa = XCBuildConfiguration;
			buildSettings = {
				DEVELOPMENT_TEAM = W398QN8ZGP;
				PRODUCT_NAME = "$(TARGET_NAME)";
			};
			name = Debug;
		};
		EB8AEE051DE6D62200456DA8 /* Release */ = {
			isa = XCBuildConfiguration;
			buildSettings = {
				DEVELOPMENT_TEAM = W398QN8ZGP;
				PRODUCT_NAME = "$(TARGET_NAME)";
			};
			name = Release;
		};
/* End XCBuildConfiguration section */

/* Begin XCConfigurationList section */
		EB8AEDF71DE6D62100456DA8 /* Build configuration list for PBXProject "TcpServer" */ = {
			isa = XCConfigurationList;
			buildConfigurations = (
				EB8AEE011DE6D62200456DA8 /* Debug */,
				EB8AEE021DE6D62200456DA8 /* Release */,
			);
			defaultConfigurationIsVisible = 0;
			defaultConfigurationName = Release;
		};
		EB8AEE031DE6D62200456DA8 /* Build configuration list for PBXNativeTarget "TcpServer" */ = {
			isa = XCConfigurationList;
			buildConfigurations = (
				EB8AEE041DE6D62200456DA8 /* Debug */,
				EB8AEE051DE6D62200456DA8 /* Release */,
			);
			defaultConfigurationIsVisible = 0;
			defaultConfigurationName = Release;
		};
/* End XCConfigurationList section */
	};
	rootObject = EB8AEDF41DE6D62100456DA8 /* Project object */;
}
